# THIS IS AN AUTOGENERATED FILE. DO NOT EDIT THIS FILE DIRECTLY.
# yarn lockfile v1


"@sanity/cli@^2.23.2":
  version "2.23.2"
  resolved "https://registry.yarnpkg.com/@sanity/cli/-/cli-2.23.2.tgz#d8f532f51f1d27cc2f426706717b6ab58774b17e"
  integrity sha512-C9JS21PKG3lq5HGL8n5Bg986yV8K0AN22TNztUx3Hd4O/luxHFEabJWXfb9YX0BvCDY4qe4WE4YFJwKWuV3cDA==
